
Microsoft Visual Studio Solution File, Format Version 12.00
# Visual Studio 15
VisualStudioVersion = 15.0.28307.757
MinimumVisualStudioVersion = 10.0.40219.1
Project("{FAE04EC0-301F-11D3-BF4B-00C04F79EFBC}") = "TcpClientAndServer", "Client\TcpClientAndServer.csproj", "{2663992D-6306-4CAB-8AC9-A6525E6D0069}"
EndProject
Global
	GlobalSection(SolutionConfigurationPlatforms) = preSolution
		Debug|Any CPU = Debug|Any CPU
		Release|Any CPU = Release|Any CPU
	EndGlobalSection
	GlobalSection(ProjectConfigurationPlatforms) = postSolution
		{2663992D-6306-4CAB-8AC9-A6525E6D0069}.Debug|Any CPU.ActiveCfg = Debug|Any CPU
		{2663992D-6306-4CAB-8AC9-A6525E6D0069}.Debug|Any CPU.Build.0 = Debug|Any CPU
		{2663992D-6306-4CAB-8AC9-A6525E6D0069}.Release|Any CPU.ActiveCfg = Release|Any CPU
		{2663992D-6306-4CAB-8AC9-A6525E6D0069}.Release|Any CPU.Build.0 = Release|Any CPU
	EndGlobalSection
	GlobalSection(SolutionProperties) = preSolution
		HideSolutionNode = FALSE
	EndGlobalSection
	GlobalSection(ExtensibilityGlobals) = postSolution
		SolutionGuid = {7C32F3AE-F725-4FEC-825D-977C3B2A862A}
	EndGlobalSection
EndGlobal
